{
  "nodes": {
    "flake-compat": {
      "locked": {
        "narHash": "sha256-AAQ/2sD+0D18bb8hKuEEVpHUYD1GmO2Uh/taFamn6XQ=",
        "rev": "4f910c9827911b1ec2bf26b5a062cd09f8d89f85",
        "revCount": 55,
        "type": "tarball",
        "url": "https://api.flakehub.com/f/pinned/edolstra/flake-compat/1.0.0/018af168-abf6-7903-8e2c-be5db8d27950/source.tar.gz"
      },
      "original": {
        "type": "tarball",
        "url": "https://flakehub.com/f/edolstra/flake-compat/1.tar.gz"
      }
    },
    "nixpkgs": {
      "locked": {
        "narHash": "sha256-X3+DKYWJm93DRSdC5M6K5hLqzSya9BjibtBsuARoPco=",
        "rev": "f5892ddac112a1e9b3612c39af1b72987ee5783a",
        "revCount": 530560,
        "type": "tarball",
        "url": "https://api.flakehub.com/f/pinned/NixOS/nixpkgs/0.1.530560%2Brev-f5892ddac112a1e9b3612c39af1b72987ee5783a/018aec4d-58df-7d2d-a74e-b1bc82c4654f/source.tar.gz"
      },
      "original": {
        "type": "tarball",
        "url": "https://flakehub.com/f/NixOS/nixpkgs/0.1.0.tar.gz"
      }
    },
    "root": {
      "inputs": {
        "flake-compat": "flake-compat",
        "nixpkgs": "nixpkgs"
      }
    }
  },
  "root": "root",
  "version": 7
}
